
Microsoft Visual Studio Solution File, Format Version 12.00
# Visual Studio Version 17
VisualStudioVersion = 17.5.33530.505
MinimumVisualStudioVersion = 10.0.40219.1
Project("{9A19103F-16F7-4668-BE54-9A1E7A4F7556}") = "DSD_CMS_Project", "DSD_CMS_Project\DSD_CMS_Project.csproj", "{CDBC66C5-C30B-4F63-807B-680B149A4E0F}"
EndProject
Project("{9A19103F-16F7-4668-BE54-9A1E7A4F7556}") = "DSD_CMS.Model", "DSD_CMS.Model\DSD_CMS.Model.csproj", "{ED03556B-3CF1-4485-96B0-4FEBE8000A23}"
EndProject
Project("{9A19103F-16F7-4668-BE54-9A1E7A4F7556}") = "DSD_CMS.DataAccess", "DSD_CMS.DataAccess\DSD_CMS.DataAccess.csproj", "{6AB78CBB-BAFE-4EA5-B052-9C1E9EA47405}"
EndProject
Global
	GlobalSection(SolutionConfigurationPlatforms) = preSolution
		Debug|Any CPU = Debug|Any CPU
		Release|Any CPU = Release|Any CPU
	EndGlobalSection
	GlobalSection(ProjectConfigurationPlatforms) = postSolution
		{CDBC66C5-C30B-4F63-807B-680B149A4E0F}.Debug|Any CPU.ActiveCfg = Debug|Any CPU
		{CDBC66C5-C30B-4F63-807B-680B149A4E0F}.Debug|Any CPU.Build.0 = Debug|Any CPU
		{CDBC66C5-C30B-4F63-807B-680B149A4E0F}.Release|Any CPU.ActiveCfg = Release|Any CPU
		{CDBC66C5-C30B-4F63-807B-680B149A4E0F}.Release|Any CPU.Build.0 = Release|Any CPU
		{ED03556B-3CF1-4485-96B0-4FEBE8000A23}.Debug|Any CPU.ActiveCfg = Debug|Any CPU
		{ED03556B-3CF1-4485-96B0-4FEBE8000A23}.Debug|Any CPU.Build.0 = Debug|Any CPU
		{ED03556B-3CF1-4485-96B0-4FEBE8000A23}.Release|Any CPU.ActiveCfg = Release|Any CPU
		{ED03556B-3CF1-4485-96B0-4FEBE8000A23}.Release|Any CPU.Build.0 = Release|Any CPU
		{6AB78CBB-BAFE-4EA5-B052-9C1E9EA47405}.Debug|Any CPU.ActiveCfg = Debug|Any CPU
		{6AB78CBB-BAFE-4EA5-B052-9C1E9EA47405}.Debug|Any CPU.Build.0 = Debug|Any CPU
		{6AB78CBB-BAFE-4EA5-B052-9C1E9EA47405}.Release|Any CPU.ActiveCfg = Release|Any CPU
		{6AB78CBB-BAFE-4EA5-B052-9C1E9EA47405}.Release|Any CPU.Build.0 = Release|Any CPU
	EndGlobalSection
	GlobalSection(SolutionProperties) = preSolution
		HideSolutionNode = FALSE
	EndGlobalSection
	GlobalSection(ExtensibilityGlobals) = postSolution
		SolutionGuid = {0079DB36-54C0-446B-B7C8-9332B5581BF8}
	EndGlobalSection
EndGlobal
